// !$*UTF8*$!
{
	archiveVersion = 1;
	classes = {
	};
	objectVersion = 56;
	objects = {

/* Begin PBXBuildFile section */
		646BE72329F1D314006D9312 /* TextFieldModifier.swift in Sources */ = {isa = PBXBuildFile; fileRef = 646BE72229F1D314006D9312 /* TextFieldModifier.swift */; };
		64B4235A29F1602700DA771F /* OnboardView.swift in Sources */ = {isa = PBXBuildFile; fileRef = 64B4235929F1602700DA771F /* OnboardView.swift */; };
		64B4235D29F1644E00DA771F /* Layout.swift in Sources */ = {isa = PBXBuildFile; fileRef = 64B4235C29F1644E00DA771F /* Layout.swift */; };
		64B4236029F16B5A00DA771F /* OnboardModel.swift in Sources */ = {isa = PBXBuildFile; fileRef = 64B4235F29F16B5A00DA771F /* OnboardModel.swift */; };
		64BA1A2429F0830B00F8D55A /* SwiftUIPracticeApp.swift in Sources */ = {isa = PBXBuildFile; fileRef = 64BA1A2329F0830B00F8D55A /* SwiftUIPracticeApp.swift */; };
		64BA1A2629F0830B00F8D55A /* ContentView.swift in Sources */ = {isa = PBXBuildFile; fileRef = 64BA1A2529F0830B00F8D55A /* ContentView.swift */; };
		64BA1A2B29F0830B00F8D55A /* Preview Assets.xcassets in Resources */ = {isa = PBXBuildFile; fileRef = 64BA1A2A29F0830B00F8D55A /* Preview Assets.xcassets */; };
		64BA1A3729F0847B00F8D55A /* WelcomeView.swift in Sources */ = {isa = PBXBuildFile; fileRef = 64BA1A3629F0847B00F8D55A /* WelcomeView.swift */; };
		64BA1A4329F085FB00F8D55A /* Colors.xcassets in Resources */ = {isa = PBXBuildFile; fileRef = 64BA1A4029F085FB00F8D55A /* Colors.xcassets */; };
		64BA1A4429F085FB00F8D55A /* Assets.xcassets in Resources */ = {isa = PBXBuildFile; fileRef = 64BA1A4129F085FB00F8D55A /* Assets.xcassets */; };
		64BA1A4529F085FB00F8D55A /* Images.xcassets in Resources */ = {isa = PBXBuildFile; fileRef = 64BA1A4229F085FB00F8D55A /* Images.xcassets */; };
		64BA1A4729F08A1600F8D55A /* Constants.swift in Sources */ = {isa = PBXBuildFile; fileRef = 64BA1A4629F08A1600F8D55A /* Constants.swift */; };
		64BA1A4A29F08DDD00F8D55A /* Colors+App.swift in Sources */ = {isa = PBXBuildFile; fileRef = 64BA1A4929F08DDD00F8D55A /* Colors+App.swift */; };
		64BA1A4C29F0A5C000F8D55A /* EdgeInsets+Extensions.swift in Sources */ = {isa = PBXBuildFile; fileRef = 64BA1A4B29F0A5C000F8D55A /* EdgeInsets+Extensions.swift */; };
		64BA1A5029F0A67300F8D55A /* SignInButton.swift in Sources */ = {isa = PBXBuildFile; fileRef = 64BA1A4F29F0A67300F8D55A /* SignInButton.swift */; };
		64BA1A5229F0A7E300F8D55A /* SignInButtons.swift in Sources */ = {isa = PBXBuildFile; fileRef = 64BA1A5129F0A7E300F8D55A /* SignInButtons.swift */; };
		64BA1A5429F0A95800F8D55A /* Localizable.strings in Resources */ = {isa = PBXBuildFile; fileRef = 64BA1A5329F0A95800F8D55A /* Localizable.strings */; };
		64BA1A5729F0AB2400F8D55A /* String+Extensions.swift in Sources */ = {isa = PBXBuildFile; fileRef = 64BA1A5629F0AB2400F8D55A /* String+Extensions.swift */; };
		64BA1A5929F0B30500F8D55A /* CenterHeaderButton.swift in Sources */ = {isa = PBXBuildFile; fileRef = 64BA1A5829F0B30500F8D55A /* CenterHeaderButton.swift */; };
		64BA1A5B29F0B61A00F8D55A /* Geometry+Extensions.swift in Sources */ = {isa = PBXBuildFile; fileRef = 64BA1A5A29F0B61A00F8D55A /* Geometry+Extensions.swift */; };
		64D6086629F191270087C6BF /* OnboardSliderCard.swift in Sources */ = {isa = PBXBuildFile; fileRef = 64D6086529F191270087C6BF /* OnboardSliderCard.swift */; };
		64D6086929F195AB0087C6BF /* LoginView.swift in Sources */ = {isa = PBXBuildFile; fileRef = 64D6086829F195AB0087C6BF /* LoginView.swift */; };
/* End PBXBuildFile section */

/* Begin PBXFileReference section */
		646BE72229F1D314006D9312 /* TextFieldModifier.swift */ = {isa = PBXFileReference; lastKnownFileType = sourcecode.swift; path = TextFieldModifier.swift; sourceTree = "<group>"; };
		64B4235929F1602700DA771F /* OnboardView.swift */ = {isa = PBXFileReference; lastKnownFileType = sourcecode.swift; path = OnboardView.swift; sourceTree = "<group>"; };
		64B4235C29F1644E00DA771F /* Layout.swift */ = {isa = PBXFileReference; lastKnownFileType = sourcecode.swift; path = Layout.swift; sourceTree = "<group>"; };
		64B4235F29F16B5A00DA771F /* OnboardModel.swift */ = {isa = PBXFileReference; lastKnownFileType = sourcecode.swift; path = OnboardModel.swift; sourceTree = "<group>"; };
		64BA1A2029F0830B00F8D55A /* SwiftUIPractice.app */ = {isa = PBXFileReference; explicitFileType = wrapper.application; includeInIndex = 0; path = SwiftUIPractice.app; sourceTree = BUILT_PRODUCTS_DIR; };
		64BA1A2329F0830B00F8D55A /* SwiftUIPracticeApp.swift */ = {isa = PBXFileReference; lastKnownFileType = sourcecode.swift; path = SwiftUIPracticeApp.swift; sourceTree = "<group>"; };
		64BA1A2529F0830B00F8D55A /* ContentView.swift */ = {isa = PBXFileReference; lastKnownFileType = sourcecode.swift; path = ContentView.swift; sourceTree = "<group>"; };
		64BA1A2A29F0830B00F8D55A /* Preview Assets.xcassets */ = {isa = PBXFileReference; lastKnownFileType = folder.assetcatalog; path = "Preview Assets.xcassets"; sourceTree = "<group>"; };
		64BA1A3629F0847B00F8D55A /* WelcomeView.swift */ = {isa = PBXFileReference; lastKnownFileType = sourcecode.swift; path = WelcomeView.swift; sourceTree = "<group>"; };
		64BA1A4029F085FB00F8D55A /* Colors.xcassets */ = {isa = PBXFileReference; lastKnownFileType = folder.assetcatalog; path = Colors.xcassets; sourceTree = "<group>"; };
		64BA1A4129F085FB00F8D55A /* Assets.xcassets */ = {isa = PBXFileReference; lastKnownFileType = folder.assetcatalog; path = Assets.xcassets; sourceTree = "<group>"; };
		64BA1A4229F085FB00F8D55A /* Images.xcassets */ = {isa = PBXFileReference; lastKnownFileType = folder.assetcatalog; path = Images.xcassets; sourceTree = "<group>"; };
		64BA1A4629F08A1600F8D55A /* Constants.swift */ = {isa = PBXFileReference; lastKnownFileType = sourcecode.swift; path = Constants.swift; sourceTree = "<group>"; };
		64BA1A4929F08DDD00F8D55A /* Colors+App.swift */ = {isa = PBXFileReference; lastKnownFileType = sourcecode.swift; path = "Colors+App.swift"; sourceTree = "<group>"; };
		64BA1A4B29F0A5C000F8D55A /* EdgeInsets+Extensions.swift */ = {isa = PBXFileReference; lastKnownFileType = sourcecode.swift; path = "EdgeInsets+Extensions.swift"; sourceTree = "<group>"; };
		64BA1A4F29F0A67300F8D55A /* SignInButton.swift */ = {isa = PBXFileReference; lastKnownFileType = sourcecode.swift; path = SignInButton.swift; sourceTree = "<group>"; };
		64BA1A5129F0A7E300F8D55A /* SignInButtons.swift */ = {isa = PBXFileReference; lastKnownFileType = sourcecode.swift; path = SignInButtons.swift; sourceTree = "<group>"; };
		64BA1A5329F0A95800F8D55A /* Localizable.strings */ = {isa = PBXFileReference; lastKnownFileType = text.plist.strings; path = Localizable.strings; sourceTree = "<group>"; };
		64BA1A5629F0AB2400F8D55A /* String+Extensions.swift */ = {isa = PBXFileReference; lastKnownFileType = sourcecode.swift; path = "String+Extensions.swift"; sourceTree = "<group>"; };
		64BA1A5829F0B30500F8D55A /* CenterHeaderButton.swift */ = {isa = PBXFileReference; lastKnownFileType = sourcecode.swift; path = CenterHeaderButton.swift; sourceTree = "<group>"; };
		64BA1A5A29F0B61A00F8D55A /* Geometry+Extensions.swift */ = {isa = PBXFileReference; lastKnownFileType = sourcecode.swift; path = "Geometry+Extensions.swift"; sourceTree = "<group>"; };
		64D6086529F191270087C6BF /* OnboardSliderCard.swift */ = {isa = PBXFileReference; lastKnownFileType = sourcecode.swift; path = OnboardSliderCard.swift; sourceTree = "<group>"; };
		64D6086829F195AB0087C6BF /* LoginView.swift */ = {isa = PBXFileReference; lastKnownFileType = sourcecode.swift; path = LoginView.swift; sourceTree = "<group>"; };
/* End PBXFileReference section */

/* Begin PBXFrameworksBuildPhase section */
		64BA1A1D29F0830B00F8D55A /* Frameworks */ = {
			isa = PBXFrameworksBuildPhase;
			buildActionMask = 2147483647;
			files = (
			);
			runOnlyForDeploymentPostprocessing = 0;
		};
/* End PBXFrameworksBuildPhase section */

/* Begin PBXGroup section */
		646BE72129F1D2E9006D9312 /* ViewModifiers */ = {
			isa = PBXGroup;
			children = (
				646BE72229F1D314006D9312 /* TextFieldModifier.swift */,
			);
			path = ViewModifiers;
			sourceTree = "<group>";
		};
		64B4235829F1601800DA771F /* Onboard */ = {
			isa = PBXGroup;
			children = (
				64B4235929F1602700DA771F /* OnboardView.swift */,
				64D6086529F191270087C6BF /* OnboardSliderCard.swift */,
			);
			path = Onboard;
			sourceTree = "<group>";
		};
		64B4235B29F1643F00DA771F /* Layout */ = {
			isa = PBXGroup;
			children = (
				64B4235C29F1644E00DA771F /* Layout.swift */,
			);
			path = Layout;
			sourceTree = "<group>";
		};
		64B4235E29F16B4900DA771F /* Models */ = {
			isa = PBXGroup;
			children = (
				64B4235F29F16B5A00DA771F /* OnboardModel.swift */,
			);
			path = Models;
			sourceTree = "<group>";
		};
		64BA1A1729F0830B00F8D55A = {
			isa = PBXGroup;
			children = (
				64BA1A2229F0830B00F8D55A /* SwiftUIPractice */,
				64BA1A2129F0830B00F8D55A /* Products */,
			);
			sourceTree = "<group>";
		};
		64BA1A2129F0830B00F8D55A /* Products */ = {
			isa = PBXGroup;
			children = (
				64BA1A2029F0830B00F8D55A /* SwiftUIPractice.app */,
			);
			name = Products;
			sourceTree = "<group>";
		};
		64BA1A2229F0830B00F8D55A /* SwiftUIPractice */ = {
			isa = PBXGroup;
			children = (
				64B4235E29F16B4900DA771F /* Models */,
				64BA1A4D29F0A65300F8D55A /* Components */,
				64BA1A3329F083D900F8D55A /* Features */,
				64BA1A3229F083CD00F8D55A /* Resources */,
				64BA1A3129F0839F00F8D55A /* Utils */,
				64BA1A2329F0830B00F8D55A /* SwiftUIPracticeApp.swift */,
				64BA1A2529F0830B00F8D55A /* ContentView.swift */,
				64BA1A2929F0830B00F8D55A /* Preview Content */,
			);
			path = SwiftUIPractice;
			sourceTree = "<group>";
		};
		64BA1A2929F0830B00F8D55A /* Preview Content */ = {
			isa = PBXGroup;
			children = (
				64BA1A2A29F0830B00F8D55A /* Preview Assets.xcassets */,
			);
			path = "Preview Content";
			sourceTree = "<group>";
		};
		64BA1A3129F0839F00F8D55A /* Utils */ = {
			isa = PBXGroup;
			children = (
				646BE72129F1D2E9006D9312 /* ViewModifiers */,
				64B4235B29F1643F00DA771F /* Layout */,
				64BA1A5529F0A96500F8D55A /* Locale */,
				64BA1A4829F08DB000F8D55A /* Extensions */,
				64BA1A4629F08A1600F8D55A /* Constants.swift */,
			);
			path = Utils;
			sourceTree = "<group>";
		};
		64BA1A3229F083CD00F8D55A /* Resources */ = {
			isa = PBXGroup;
			children = (
				64BA1A3F29F085FB00F8D55A /* Assets */,
			);
			path = Resources;
			sourceTree = "<group>";
		};
		64BA1A3329F083D900F8D55A /* Features */ = {
			isa = PBXGroup;
			children = (
				64BA1A3429F0841800F8D55A /* Authentication */,
			);
			path = Features;
			sourceTree = "<group>";
		};
		64BA1A3429F0841800F8D55A /* Authentication */ = {
			isa = PBXGroup;
			children = (
				64D6086729F195A00087C6BF /* Login */,
				64B4235829F1601800DA771F /* Onboard */,
				64BA1A3529F0844500F8D55A /* Welcome */,
			);
			path = Authentication;
			sourceTree = "<group>";
		};
		64BA1A3529F0844500F8D55A /* Welcome */ = {
			isa = PBXGroup;
			children = (
				64BA1A3629F0847B00F8D55A /* WelcomeView.swift */,
				64BA1A5129F0A7E300F8D55A /* SignInButtons.swift */,
			);
			path = Welcome;
			sourceTree = "<group>";
		};
		64BA1A3F29F085FB00F8D55A /* Assets */ = {
			isa = PBXGroup;
			children = (
				64BA1A4029F085FB00F8D55A /* Colors.xcassets */,
				64BA1A4129F085FB00F8D55A /* Assets.xcassets */,
				64BA1A4229F085FB00F8D55A /* Images.xcassets */,
			);
			path = Assets;
			sourceTree = "<group>";
		};
		64BA1A4829F08DB000F8D55A /* Extensions */ = {
			isa = PBXGroup;
			children = (
				64BA1A4929F08DDD00F8D55A /* Colors+App.swift */,
				64BA1A4B29F0A5C000F8D55A /* EdgeInsets+Extensions.swift */,
				64BA1A5629F0AB2400F8D55A /* String+Extensions.swift */,
				64BA1A5A29F0B61A00F8D55A /* Geometry+Extensions.swift */,
			);
			path = Extensions;
			sourceTree = "<group>";
		};
		64BA1A4D29F0A65300F8D55A /* Components */ = {
			isa = PBXGroup;
			children = (
				64BA1A4E29F0A66500F8D55A /* Buttons */,
			);
			path = Components;
			sourceTree = "<group>";
		};
		64BA1A4E29F0A66500F8D55A /* Buttons */ = {
			isa = PBXGroup;
			children = (
				64BA1A4F29F0A67300F8D55A /* SignInButton.swift */,
				64BA1A5829F0B30500F8D55A /* CenterHeaderButton.swift */,
			);
			path = Buttons;
			sourceTree = "<group>";
		};
		64BA1A5529F0A96500F8D55A /* Locale */ = {
			isa = PBXGroup;
			children = (
				64BA1A5329F0A95800F8D55A /* Localizable.strings */,
			);
			path = Locale;
			sourceTree = "<group>";
		};
		64D6086729F195A00087C6BF /* Login */ = {
			isa = PBXGroup;
			children = (
				64D6086829F195AB0087C6BF /* LoginView.swift */,
			);
			path = Login;
			sourceTree = "<group>";
		};
/* End PBXGroup section */

/* Begin PBXNativeTarget section */
		64BA1A1F29F0830B00F8D55A /* SwiftUIPractice */ = {
			isa = PBXNativeTarget;
			buildConfigurationList = 64BA1A2E29F0830B00F8D55A /* Build configuration list for PBXNativeTarget "SwiftUIPractice" */;
			buildPhases = (
				64BA1A1C29F0830B00F8D55A /* Sources */,
				64BA1A1D29F0830B00F8D55A /* Frameworks */,
				64BA1A1E29F0830B00F8D55A /* Resources */,
			);
			buildRules = (
			);
			dependencies = (
			);
			name = SwiftUIPractice;
			productName = SwiftUIPractice;
			productReference = 64BA1A2029F0830B00F8D55A /* SwiftUIPractice.app */;
			productType = "com.apple.product-type.application";
		};
/* End PBXNativeTarget section */

/* Begin PBXProject section */
		64BA1A1829F0830B00F8D55A /* Project object */ = {
			isa = PBXProject;
			attributes = {
				BuildIndependentTargetsInParallel = 1;
				LastSwiftUpdateCheck = 1410;
				LastUpgradeCheck = 1410;
				TargetAttributes = {
					64BA1A1F29F0830B00F8D55A = {
						CreatedOnToolsVersion = 14.1;
					};
				};
			};
			buildConfigurationList = 64BA1A1B29F0830B00F8D55A /* Build configuration list for PBXProject "SwiftUIPractice" */;
			compatibilityVersion = "Xcode 14.0";
			developmentRegion = en;
			hasScannedForEncodings = 0;
			knownRegions = (
				en,
				Base,
			);
			mainGroup = 64BA1A1729F0830B00F8D55A;
			productRefGroup = 64BA1A2129F0830B00F8D55A /* Products */;
			projectDirPath = "";
			projectRoot = "";
			targets = (
				64BA1A1F29F0830B00F8D55A /* SwiftUIPractice */,
			);
		};
/* End PBXProject section */

/* Begin PBXResourcesBuildPhase section */
		64BA1A1E29F0830B00F8D55A /* Resources */ = {
			isa = PBXResourcesBuildPhase;
			buildActionMask = 2147483647;
			files = (
				64BA1A5429F0A95800F8D55A /* Localizable.strings in Resources */,
				64BA1A2B29F0830B00F8D55A /* Preview Assets.xcassets in Resources */,
				64BA1A4529F085FB00F8D55A /* Images.xcassets in Resources */,
				64BA1A4429F085FB00F8D55A /* Assets.xcassets in Resources */,
				64BA1A4329F085FB00F8D55A /* Colors.xcassets in Resources */,
			);
			runOnlyForDeploymentPostprocessing = 0;
		};
/* End PBXResourcesBuildPhase section */

/* Begin PBXSourcesBuildPhase section */
		64BA1A1C29F0830B00F8D55A /* Sources */ = {
			isa = PBXSourcesBuildPhase;
			buildActionMask = 2147483647;
			files = (
				64BA1A2629F0830B00F8D55A /* ContentView.swift in Sources */,
				64BA1A4A29F08DDD00F8D55A /* Colors+App.swift in Sources */,
				64BA1A3729F0847B00F8D55A /* WelcomeView.swift in Sources */,
				64BA1A2429F0830B00F8D55A /* SwiftUIPracticeApp.swift in Sources */,
				64B4235A29F1602700DA771F /* OnboardView.swift in Sources */,
				64B4235D29F1644E00DA771F /* Layout.swift in Sources */,
				64BA1A5729F0AB2400F8D55A /* String+Extensions.swift in Sources */,
				646BE72329F1D314006D9312 /* TextFieldModifier.swift in Sources */,
				64B4236029F16B5A00DA771F /* OnboardModel.swift in Sources */,
				64BA1A5229F0A7E300F8D55A /* SignInButtons.swift in Sources */,
				64BA1A4C29F0A5C000F8D55A /* EdgeInsets+Extensions.swift in Sources */,
				64BA1A5029F0A67300F8D55A /* SignInButton.swift in Sources */,
				64BA1A4729F08A1600F8D55A /* Constants.swift in Sources */,
				64D6086629F191270087C6BF /* OnboardSliderCard.swift in Sources */,
				64BA1A5929F0B30500F8D55A /* CenterHeaderButton.swift in Sources */,
				64D6086929F195AB0087C6BF /* LoginView.swift in Sources */,
				64BA1A5B29F0B61A00F8D55A /* Geometry+Extensions.swift in Sources */,
			);
			runOnlyForDeploymentPostprocessing = 0;
		};
/* End PBXSourcesBuildPhase section */

/* Begin XCBuildConfiguration section */
		64BA1A2C29F0830B00F8D55A /* Debug */ = {
			isa = XCBuildConfiguration;
			buildSettings = {
				ALWAYS_SEARCH_USER_PATHS = NO;
				CLANG_ANALYZER_NONNULL = YES;
				CLANG_ANALYZER_NUMBER_OBJECT_CONVERSION = YES_AGGRESSIVE;
				CLANG_CXX_LANGUAGE_STANDARD = "gnu++20";
				CLANG_ENABLE_MODULES = YES;
				CLANG_ENABLE_OBJC_ARC = YES;
				CLANG_ENABLE_OBJC_WEAK = YES;
				CLANG_WARN_BLOCK_CAPTURE_AUTORELEASING = YES;
				CLANG_WARN_BOOL_CONVERSION = YES;
				CLANG_WARN_COMMA = YES;
				CLANG_WARN_CONSTANT_CONVERSION = YES;
				CLANG_WARN_DEPRECATED_OBJC_IMPLEMENTATIONS = YES;
				CLANG_WARN_DIRECT_OBJC_ISA_USAGE = YES_ERROR;
				CLANG_WARN_DOCUMENTATION_COMMENTS = YES;
				CLANG_WARN_EMPTY_BODY = YES;
				CLANG_WARN_ENUM_CONVERSION = YES;
				CLANG_WARN_INFINITE_RECURSION = YES;
				CLANG_WARN_INT_CONVERSION = YES;
				CLANG_WARN_NON_LITERAL_NULL_CONVERSION = YES;
				CLANG_WARN_OBJC_IMPLICIT_RETAIN_SELF = YES;
				CLANG_WARN_OBJC_LITERAL_CONVERSION = YES;
				CLANG_WARN_OBJC_ROOT_CLASS = YES_ERROR;
				CLANG_WARN_QUOTED_INCLUDE_IN_FRAMEWORK_HEADER = YES;
				CLANG_WARN_RANGE_LOOP_ANALYSIS = YES;
				CLANG_WARN_STRICT_PROTOTYPES = YES;
				CLANG_WARN_SUSPICIOUS_MOVE = YES;
				CLANG_WARN_UNGUARDED_AVAILABILITY = YES_AGGRESSIVE;
				CLANG_WARN_UNREACHABLE_CODE = YES;
				CLANG_WARN__DUPLICATE_METHOD_MATCH = YES;
				COPY_PHASE_STRIP = NO;
				DEBUG_INFORMATION_FORMAT = dwarf;
				ENABLE_STRICT_OBJC_MSGSEND = YES;
				ENABLE_TESTABILITY = YES;
				GCC_C_LANGUAGE_STANDARD = gnu11;
				GCC_DYNAMIC_NO_PIC = NO;
				GCC_NO_COMMON_BLOCKS = YES;
				GCC_OPTIMIZATION_LEVEL = 0;
				GCC_PREPROCESSOR_DEFINITIONS = (
					"DEBUG=1",
					"$(inherited)",
				);
				GCC_WARN_64_TO_32_BIT_CONVERSION = YES;
				GCC_WARN_ABOUT_RETURN_TYPE = YES_ERROR;
				GCC_WARN_UNDECLARED_SELECTOR = YES;
				GCC_WARN_UNINITIALIZED_AUTOS = YES_AGGRESSIVE;
				GCC_WARN_UNUSED_FUNCTION = YES;
				GCC_WARN_UNUSED_VARIABLE = YES;
				IPHONEOS_DEPLOYMENT_TARGET = 16.1;
				MTL_ENABLE_DEBUG_INFO = INCLUDE_SOURCE;
				MTL_FAST_MATH = YES;
				ONLY_ACTIVE_ARCH = YES;
				SDKROOT = iphoneos;
				SWIFT_ACTIVE_COMPILATION_CONDITIONS = DEBUG;
				SWIFT_OPTIMIZATION_LEVEL = "-Onone";
			};
			name = Debug;
		};
		64BA1A2D29F0830B00F8D55A /* Release */ = {
			isa = XCBuildConfiguration;
			buildSettings = {
				ALWAYS_SEARCH_USER_PATHS = NO;
				CLANG_ANALYZER_NONNULL = YES;
				CLANG_ANALYZER_NUMBER_OBJECT_CONVERSION = YES_AGGRESSIVE;
				CLANG_CXX_LANGUAGE_STANDARD = "gnu++20";
				CLANG_ENABLE_MODULES = YES;
				CLANG_ENABLE_OBJC_ARC = YES;
				CLANG_ENABLE_OBJC_WEAK = YES;
				CLANG_WARN_BLOCK_CAPTURE_AUTORELEASING = YES;
				CLANG_WARN_BOOL_CONVERSION = YES;
				CLANG_WARN_COMMA = YES;
				CLANG_WARN_CONSTANT_CONVERSION = YES;
				CLANG_WARN_DEPRECATED_OBJC_IMPLEMENTATIONS = YES;
				CLANG_WARN_DIRECT_OBJC_ISA_USAGE = YES_ERROR;
				CLANG_WARN_DOCUMENTATION_COMMENTS = YES;
				CLANG_WARN_EMPTY_BODY = YES;
				CLANG_WARN_ENUM_CONVERSION = YES;
				CLANG_WARN_INFINITE_RECURSION = YES;
				CLANG_WARN_INT_CONVERSION = YES;
				CLANG_WARN_NON_LITERAL_NULL_CONVERSION = YES;
				CLANG_WARN_OBJC_IMPLICIT_RETAIN_SELF = YES;
				CLANG_WARN_OBJC_LITERAL_CONVERSION = YES;
				CLANG_WARN_OBJC_ROOT_CLASS = YES_ERROR;
				CLANG_WARN_QUOTED_INCLUDE_IN_FRAMEWORK_HEADER = YES;
				CLANG_WARN_RANGE_LOOP_ANALYSIS = YES;
				CLANG_WARN_STRICT_PROTOTYPES = YES;
				CLANG_WARN_SUSPICIOUS_MOVE = YES;
				CLANG_WARN_UNGUARDED_AVAILABILITY = YES_AGGRESSIVE;
				CLANG_WARN_UNREACHABLE_CODE = YES;
				CLANG_WARN__DUPLICATE_METHOD_MATCH = YES;
				COPY_PHASE_STRIP = NO;
				DEBUG_INFORMATION_FORMAT = "dwarf-with-dsym";
				ENABLE_NS_ASSERTIONS = NO;
				ENABLE_STRICT_OBJC_MSGSEND = YES;
				GCC_C_LANGUAGE_STANDARD = gnu11;
				GCC_NO_COMMON_BLOCKS = YES;
				GCC_WARN_64_TO_32_BIT_CONVERSION = YES;
				GCC_WARN_ABOUT_RETURN_TYPE = YES_ERROR;
				GCC_WARN_UNDECLARED_SELECTOR = YES;
				GCC_WARN_UNINITIALIZED_AUTOS = YES_AGGRESSIVE;
				GCC_WARN_UNUSED_FUNCTION = YES;
				GCC_WARN_UNUSED_VARIABLE = YES;
				IPHONEOS_DEPLOYMENT_TARGET = 16.1;
				MTL_ENABLE_DEBUG_INFO = NO;
				MTL_FAST_MATH = YES;
				SDKROOT = iphoneos;
				SWIFT_COMPILATION_MODE = wholemodule;
				SWIFT_OPTIMIZATION_LEVEL = "-O";
				VALIDATE_PRODUCT = YES;
			};
			name = Release;
		};
		64BA1A2F29F0830B00F8D55A /* Debug */ = {
			isa = XCBuildConfiguration;
			buildSettings = {
				ASSETCATALOG_COMPILER_APPICON_NAME = AppIcon;
				ASSETCATALOG_COMPILER_GLOBAL_ACCENT_COLOR_NAME = AccentColor;
				CODE_SIGN_STYLE = Automatic;
				CURRENT_PROJECT_VERSION = 1;
				DEVELOPMENT_ASSET_PATHS = "\"SwiftUIPractice/Preview Content\"";
				ENABLE_PREVIEWS = YES;
				GENERATE_INFOPLIST_FILE = YES;
				INFOPLIST_KEY_UIApplicationSceneManifest_Generation = YES;
				INFOPLIST_KEY_UIApplicationSupportsIndirectInputEvents = YES;
				INFOPLIST_KEY_UILaunchScreen_Generation = YES;
				INFOPLIST_KEY_UISupportedInterfaceOrientations_iPad = "UIInterfaceOrientationPortrait UIInterfaceOrientationPortraitUpsideDown UIInterfaceOrientationLandscapeLeft UIInterfaceOrientationLandscapeRight";
				INFOPLIST_KEY_UISupportedInterfaceOrientations_iPhone = "UIInterfaceOrientationPortrait UIInterfaceOrientationLandscapeLeft UIInterfaceOrientationLandscapeRight";
				LD_RUNPATH_SEARCH_PATHS = (
					"$(inherited)",
					"@executable_path/Frameworks",
				);
				MARKETING_VERSION = 1.0;
				PRODUCT_BUNDLE_IDENTIFIER = example.example.SwiftUIPractice;
				PRODUCT_NAME = "$(TARGET_NAME)";
				SWIFT_EMIT_LOC_STRINGS = YES;
				SWIFT_VERSION = 5.0;
				TARGETED_DEVICE_FAMILY = "1,2";
			};
			name = Debug;
		};
		64BA1A3029F0830B00F8D55A /* Release */ = {
			isa = XCBuildConfiguration;
			buildSettings = {
				ASSETCATALOG_COMPILER_APPICON_NAME = AppIcon;
				ASSETCATALOG_COMPILER_GLOBAL_ACCENT_COLOR_NAME = AccentColor;
				CODE_SIGN_STYLE = Automatic;
				CURRENT_PROJECT_VERSION = 1;
				DEVELOPMENT_ASSET_PATHS = "\"SwiftUIPractice/Preview Content\"";
				ENABLE_PREVIEWS = YES;
				GENERATE_INFOPLIST_FILE = YES;
				INFOPLIST_KEY_UIApplicationSceneManifest_Generation = YES;
				INFOPLIST_KEY_UIApplicationSupportsIndirectInputEvents = YES;
				INFOPLIST_KEY_UILaunchScreen_Generation = YES;
				INFOPLIST_KEY_UISupportedInterfaceOrientations_iPad = "UIInterfaceOrientationPortrait UIInterfaceOrientationPortraitUpsideDown UIInterfaceOrientationLandscapeLeft UIInterfaceOrientationLandscapeRight";
				INFOPLIST_KEY_UISupportedInterfaceOrientations_iPhone = "UIInterfaceOrientationPortrait UIInterfaceOrientationLandscapeLeft UIInterfaceOrientationLandscapeRight";
				LD_RUNPATH_SEARCH_PATHS = (
					"$(inherited)",
					"@executable_path/Frameworks",
				);
				MARKETING_VERSION = 1.0;
				PRODUCT_BUNDLE_IDENTIFIER = example.example.SwiftUIPractice;
				PRODUCT_NAME = "$(TARGET_NAME)";
				SWIFT_EMIT_LOC_STRINGS = YES;
				SWIFT_VERSION = 5.0;
				TARGETED_DEVICE_FAMILY = "1,2";
			};
			name = Release;
		};
/* End XCBuildConfiguration section */

/* Begin XCConfigurationList section */
		64BA1A1B29F0830B00F8D55A /* Build configuration list for PBXProject "SwiftUIPractice" */ = {
			isa = XCConfigurationList;
			buildConfigurations = (
				64BA1A2C29F0830B00F8D55A /* Debug */,
				64BA1A2D29F0830B00F8D55A /* Release */,
			);
			defaultConfigurationIsVisible = 0;
			defaultConfigurationName = Release;
		};
		64BA1A2E29F0830B00F8D55A /* Build configuration list for PBXNativeTarget "SwiftUIPractice" */ = {
			isa = XCConfigurationList;
			buildConfigurations = (
				64BA1A2F29F0830B00F8D55A /* Debug */,
				64BA1A3029F0830B00F8D55A /* Release */,
			);
			defaultConfigurationIsVisible = 0;
			defaultConfigurationName = Release;
		};
/* End XCConfigurationList section */
	};
	rootObject = 64BA1A1829F0830B00F8D55A /* Project object */;
}
